// !$*UTF8*$!
{
	archiveVersion = 1;
	classes = {
	};
	objectVersion = 46;
	objects = {

/* Begin PBXBuildFile section */
		24014C0815D75D4500778B51 /* MainSideMenuItemCell.m in Sources */ = {isa = PBXBuildFile; fileRef = 24014C0715D75D4500778B51 /* MainSideMenuItemCell.m */; };
		24014C0C15D78AED00778B51 /* AddStudentCell.m in Sources */ = {isa = PBXBuildFile; fileRef = 24014C0B15D78AED00778B51 /* AddStudentCell.m */; };
		24597F6615D0D7B7000E9847 /* btn-add-student-active.png in Resources */ = {isa = PBXBuildFile; fileRef = 24597F6215D0D7B7000E9847 /* btn-add-student-active.png */; };
		24597F6715D0D7B7000E9847 /* btn-add-student-active@2x.png in Resources */ = {isa = PBXBuildFile; fileRef = 24597F6315D0D7B7000E9847 /* btn-add-student-active@2x.png */; };
		24597F6815D0D7B7000E9847 /* btn-add-student-inactive.png in Resources */ = {isa = PBXBuildFile; fileRef = 24597F6415D0D7B7000E9847 /* btn-add-student-inactive.png */; };
		24597F6915D0D7B7000E9847 /* btn-add-student-inactive@2x.png in Resources */ = {isa = PBXBuildFile; fileRef = 24597F6515D0D7B7000E9847 /* btn-add-student-inactive@2x.png */; };
		246D045515C099680056D3F9 /* piitri-logo-iPad.png in Resources */ = {isa = PBXBuildFile; fileRef = 246D045315C099680056D3F9 /* piitri-logo-iPad.png */; };
		246D045615C099680056D3F9 /* piitri-logo-iPad@2x.png in Resources */ = {isa = PBXBuildFile; fileRef = 246D045415C099680056D3F9 /* piitri-logo-iPad@2x.png */; };
		246D049C15C099960056D3F9 /* btn-camera-icon-active.png in Resources */ = {isa = PBXBuildFile; fileRef = 246D045C15C099960056D3F9 /* btn-camera-icon-active.png */; };
		246D049D15C099960056D3F9 /* btn-camera-icon-active@2x.png in Resources */ = {isa = PBXBuildFile; fileRef = 246D045D15C099960056D3F9 /* btn-camera-icon-active@2x.png */; };
		246D049E15C099960056D3F9 /* btn-camera-icon-inactive.png in Resources */ = {isa = PBXBuildFile; fileRef = 246D045E15C099960056D3F9 /* btn-camera-icon-inactive.png */; };
		246D04A015C099960056D3F9 /* btn-fbconnect-active.png in Resources */ = {isa = PBXBuildFile; fileRef = 246D046015C099960056D3F9 /* btn-fbconnect-active.png */; };
		246D04A115C099960056D3F9 /* btn-fbconnect-active@2x.png in Resources */ = {isa = PBXBuildFile; fileRef = 246D046115C099960056D3F9 /* btn-fbconnect-active@2x.png */; };
		246D04A215C099960056D3F9 /* btn-fbconnect-inactive.png in Resources */ = {isa = PBXBuildFile; fileRef = 246D046215C099960056D3F9 /* btn-fbconnect-inactive.png */; };
		246D04A315C099960056D3F9 /* btn-fbconnect-inactive@2x.png in Resources */ = {isa = PBXBuildFile; fileRef = 246D046315C099960056D3F9 /* btn-fbconnect-inactive@2x.png */; };
		246D04A415C099960056D3F9 /* btn-fbconnect-logout-active@2x.png in Resources */ = {isa = PBXBuildFile; fileRef = 246D046415C099960056D3F9 /* btn-fbconnect-logout-active@2x.png */; };
		246D04A515C099960056D3F9 /* btn-fbconnect-logout-inactive@2x.png in Resources */ = {isa = PBXBuildFile; fileRef = 246D046515C099960056D3F9 /* btn-fbconnect-logout-inactive@2x.png */; };
		246D04A615C099960056D3F9 /* fbconnect-dialog.png in Resources */ = {isa = PBXBuildFile; fileRef = 246D046615C099960056D3F9 /* fbconnect-dialog.png */; };
		246D04A715C099960056D3F9 /* fbconnect-dialog@2x.png in Resources */ = {isa = PBXBuildFile; fileRef = 246D046715C099960056D3F9 /* fbconnect-dialog@2x.png */; };
		246D04A815C099960056D3F9 /* form-icon-mask.png in Resources */ = {isa = PBXBuildFile; fileRef = 246D046815C099960056D3F9 /* form-icon-mask.png */; };
		246D04A915C099960056D3F9 /* form-icon-mask@2x.png in Resources */ = {isa = PBXBuildFile; fileRef = 246D046915C099960056D3F9 /* form-icon-mask@2x.png */; };
		246D04AA15C099960056D3F9 /* gender-boy-active.png in Resources */ = {isa = PBXBuildFile; fileRef = 246D046A15C099960056D3F9 /* gender-boy-active.png */; };
		246D04AB15C099960056D3F9 /* gender-boy-active@2x.png in Resources */ = {isa = PBXBuildFile; fileRef = 246D046B15C099960056D3F9 /* gender-boy-active@2x.png */; };
		246D04AC15C099960056D3F9 /* gender-boy-inactive.png in Resources */ = {isa = PBXBuildFile; fileRef = 246D046C15C099960056D3F9 /* gender-boy-inactive.png */; };
		246D04AD15C099960056D3F9 /* gender-boy-inactive@2x.png in Resources */ = {isa = PBXBuildFile; fileRef = 246D046D15C099960056D3F9 /* gender-boy-inactive@2x.png */; };
		246D04AE15C099960056D3F9 /* gender-girl-active.png in Resources */ = {isa = PBXBuildFile; fileRef = 246D046E15C099960056D3F9 /* gender-girl-active.png */; };
		246D04AF15C099960056D3F9 /* gender-girl-active@2x.png in Resources */ = {isa = PBXBuildFile; fileRef = 246D046F15C099960056D3F9 /* gender-girl-active@2x.png */; };
		246D04B015C099960056D3F9 /* gender-girl-inactive.png in Resources */ = {isa = PBXBuildFile; fileRef = 246D047015C099960056D3F9 /* gender-girl-inactive.png */; };
		246D04B115C099960056D3F9 /* gender-girl-inactive@2x.png in Resources */ = {isa = PBXBuildFile; fileRef = 246D047115C099960056D3F9 /* gender-girl-inactive@2x.png */; };
		246D04B215C099960056D3F9 /* icon-selected-mask.png in Resources */ = {isa = PBXBuildFile; fileRef = 246D047215C099960056D3F9 /* icon-selected-mask.png */; };
		246D04B315C099960056D3F9 /* icon-selected-mask@2x.png in Resources */ = {isa = PBXBuildFile; fileRef = 246D047315C099960056D3F9 /* icon-selected-mask@2x.png */; };
		246D04B415C099960056D3F9 /* lessonsandactivity.png in Resources */ = {isa = PBXBuildFile; fileRef = 246D047415C099960056D3F9 /* lessonsandactivity.png */; };
		246D04B515C099960056D3F9 /* lessonsandactivity@2x.png in Resources */ = {isa = PBXBuildFile; fileRef = 246D047515C099960056D3F9 /* lessonsandactivity@2x.png */; };
		246D04B615C099960056D3F9 /* light-box-black.png in Resources */ = {isa = PBXBuildFile; fileRef = 246D047615C099960056D3F9 /* light-box-black.png */; };
		246D04B715C099960056D3F9 /* light-box-black@2x.png in Resources */ = {isa = PBXBuildFile; fileRef = 246D047715C099960056D3F9 /* light-box-black@2x.png */; };
		246D04B815C099960056D3F9 /* log-in-bg.png in Resources */ = {isa = PBXBuildFile; fileRef = 246D047815C099960056D3F9 /* log-in-bg.png */; };
		246D04B915C099960056D3F9 /* log-in-bg@2x.png in Resources */ = {isa = PBXBuildFile; fileRef = 246D047915C099960056D3F9 /* log-in-bg@2x.png */; };
		246D04BA15C099960056D3F9 /* parent-icon-mask.png in Resources */ = {isa = PBXBuildFile; fileRef = 246D047A15C099960056D3F9 /* parent-icon-mask.png */; };
		246D04BB15C099960056D3F9 /* parent-icon-mask@2x.png in Resources */ = {isa = PBXBuildFile; fileRef = 246D047B15C099960056D3F9 /* parent-icon-mask@2x.png */; };
		246D04BC15C099960056D3F9 /* piitri-logo-lg.png in Resources */ = {isa = PBXBuildFile; fileRef = 246D047C15C099960056D3F9 /* piitri-logo-lg.png */; };
		246D04BD15C099960056D3F9 /* piitri-logo-lg@2x.png in Resources */ = {isa = PBXBuildFile; fileRef = 246D047D15C099960056D3F9 /* piitri-logo-lg@2x.png */; };
		246D04BE15C099960056D3F9 /* side-menuline.png in Resources */ = {isa = PBXBuildFile; fileRef = 246D047E15C099960056D3F9 /* side-menuline.png */; };
		246D04BF15C099960056D3F9 /* side-menuline@2x.png in Resources */ = {isa = PBXBuildFile; fileRef = 246D047F15C099960056D3F9 /* side-menuline@2x.png */; };
		246D04C015C099960056D3F9 /* sidemenu.png in Resources */ = {isa = PBXBuildFile; fileRef = 246D048015C099960056D3F9 /* sidemenu.png */; };
		246D04C115C099960056D3F9 /* sidemenu@2x.png in Resources */ = {isa = PBXBuildFile; fileRef = 246D048115C099960056D3F9 /* sidemenu@2x.png */; };
		246D04C215C099960056D3F9 /* social-facebookconnect-active.png in Resources */ = {isa = PBXBuildFile; fileRef = 246D048215C099960056D3F9 /* social-facebookconnect-active.png */; };
		246D04C315C099960056D3F9 /* social-facebookconnect-active@2x.png in Resources */ = {isa = PBXBuildFile; fileRef = 246D048315C099960056D3F9 /* social-facebookconnect-active@2x.png */; };
		246D04C415C099960056D3F9 /* social-facebookconnect-inactive.png in Resources */ = {isa = PBXBuildFile; fileRef = 246D048415C099960056D3F9 /* social-facebookconnect-inactive.png */; };
		246D04C515C099960056D3F9 /* social-facebookconnect-inactive@2x.png in Resources */ = {isa = PBXBuildFile; fileRef = 246D048515C099960056D3F9 /* social-facebookconnect-inactive@2x.png */; };
		246D04C615C099960056D3F9 /* social-googleconnect-active.png in Resources */ = {isa = PBXBuildFile; fileRef = 246D048615C099960056D3F9 /* social-googleconnect-active.png */; };
		246D04C715C099960056D3F9 /* social-googleconnect-active@2x.png in Resources */ = {isa = PBXBuildFile; fileRef = 246D048715C099960056D3F9 /* social-googleconnect-active@2x.png */; };
		246D04C815C099960056D3F9 /* social-googleconnect-inactive.png in Resources */ = {isa = PBXBuildFile; fileRef = 246D048815C099960056D3F9 /* social-googleconnect-inactive.png */; };
		246D04C915C099960056D3F9 /* social-googleconnect-inactive@2x.png in Resources */ = {isa = PBXBuildFile; fileRef = 246D048915C099960056D3F9 /* social-googleconnect-inactive@2x.png */; };
		246D04CA15C099960056D3F9 /* social-twitterconnect-active.png in Resources */ = {isa = PBXBuildFile; fileRef = 246D048A15C099960056D3F9 /* social-twitterconnect-active.png */; };
		246D04CB15C099960056D3F9 /* social-twitterconnect-active@2x.png in Resources */ = {isa = PBXBuildFile; fileRef = 246D048B15C099960056D3F9 /* social-twitterconnect-active@2x.png */; };
		246D04CC15C099960056D3F9 /* social-twitterconnect-inactive.png in Resources */ = {isa = PBXBuildFile; fileRef = 246D048C15C099960056D3F9 /* social-twitterconnect-inactive.png */; };
		246D04CD15C099960056D3F9 /* social-twitterconnect-inactive@2x.png in Resources */ = {isa = PBXBuildFile; fileRef = 246D048D15C099960056D3F9 /* social-twitterconnect-inactive@2x.png */; };
		246D04CE15C099960056D3F9 /* student-form.png in Resources */ = {isa = PBXBuildFile; fileRef = 246D048E15C099960056D3F9 /* student-form.png */; };
		246D04CF15C099960056D3F9 /* student-form@2x.png in Resources */ = {isa = PBXBuildFile; fileRef = 246D048F15C099960056D3F9 /* student-form@2x.png */; };
		246D04D515C099960056D3F9 /* top-header-curve.png in Resources */ = {isa = PBXBuildFile; fileRef = 246D049515C099960056D3F9 /* top-header-curve.png */; };
		246D04D715C099960056D3F9 /* top-header-curve@2x.png in Resources */ = {isa = PBXBuildFile; fileRef = 246D049715C099960056D3F9 /* top-header-curve@2x.png */; };
		246D04DC15C0C4260056D3F9 /* btn-buy-more-coins.png in Resources */ = {isa = PBXBuildFile; fileRef = 246D04D815C0C4210056D3F9 /* btn-buy-more-coins.png */; };
		246D04DD15C0C4260056D3F9 /* btn-buy-more-coins@2x.png in Resources */ = {isa = PBXBuildFile; fileRef = 246D04D915C0C4220056D3F9 /* btn-buy-more-coins@2x.png */; };
		246D04DE15C0C4260056D3F9 /* btn-edit-profile.png in Resources */ = {isa = PBXBuildFile; fileRef = 246D04DA15C0C4230056D3F9 /* btn-edit-profile.png */; };
		246D04DF15C0C4260056D3F9 /* btn-edit-profile@2x.png in Resources */ = {isa = PBXBuildFile; fileRef = 246D04DB15C0C4250056D3F9 /* btn-edit-profile@2x.png */; };
		2478B85315CFFFB10007F08F /* gender-boy-active-segmented.png in Resources */ = {isa = PBXBuildFile; fileRef = 2478B84D15CFFFB00007F08F /* gender-boy-active-segmented.png */; };
		2478B85415CFFFB10007F08F /* gender-boy-active-segmented@2x.png in Resources */ = {isa = PBXBuildFile; fileRef = 2478B84E15CFFFB00007F08F /* gender-boy-active-segmented@2x.png */; };
		2478B85515CFFFB10007F08F /* gender-girl-active-segmented.png in Resources */ = {isa = PBXBuildFile; fileRef = 2478B84F15CFFFB00007F08F /* gender-girl-active-segmented.png */; };
		2478B85615CFFFB10007F08F /* gender-girl-active-segmented@2x.png in Resources */ = {isa = PBXBuildFile; fileRef = 2478B85015CFFFB00007F08F /* gender-girl-active-segmented@2x.png */; };
		2478B85715CFFFB10007F08F /* gender-inactive-segmented.png in Resources */ = {isa = PBXBuildFile; fileRef = 2478B85115CFFFB00007F08F /* gender-inactive-segmented.png */; };
		2478B85815CFFFB10007F08F /* gender-inactive-segmented@2x.png in Resources */ = {isa = PBXBuildFile; fileRef = 2478B85215CFFFB00007F08F /* gender-inactive-segmented@2x.png */; };
		2478B88515D0B4CC0007F08F /* tab-student-unselected.png in Resources */ = {isa = PBXBuildFile; fileRef = 2478B87D15D0B4930007F08F /* tab-student-unselected.png */; };
		2478B88615D0B4CC0007F08F /* tab-student-unselected@2x.png in Resources */ = {isa = PBXBuildFile; fileRef = 2478B87E15D0B4980007F08F /* tab-student-unselected@2x.png */; };
		2478B88715D0B4CC0007F08F /* tab-unselected.png in Resources */ = {isa = PBXBuildFile; fileRef = 2478B87F15D0B49F0007F08F /* tab-unselected.png */; };
		2478B88815D0B4CC0007F08F /* tab-unselected@2x.png in Resources */ = {isa = PBXBuildFile; fileRef = 2478B88015D0B4A90007F08F /* tab-unselected@2x.png */; };
		2478B88B15D0B57C0007F08F /* tab-hightlight.png in Resources */ = {isa = PBXBuildFile; fileRef = 2478B88915D0B5790007F08F /* tab-hightlight.png */; };
		2478B88C15D0B57C0007F08F /* tab-hightlight@2x.png in Resources */ = {isa = PBXBuildFile; fileRef = 2478B88A15D0B57B0007F08F /* tab-hightlight@2x.png */; };
		2482D96515D5C83800216249 /* icon-add-student-form-mask.png in Resources */ = {isa = PBXBuildFile; fileRef = 2482D96115D5C83700216249 /* icon-add-student-form-mask.png */; };
		2482D96615D5C83800216249 /* icon-add-student-form-mask@2x.png in Resources */ = {isa = PBXBuildFile; fileRef = 2482D96215D5C83700216249 /* icon-add-student-form-mask@2x.png */; };
		2482D96715D5C83800216249 /* icon-student-sign-up-placeholder.png in Resources */ = {isa = PBXBuildFile; fileRef = 2482D96315D5C83700216249 /* icon-student-sign-up-placeholder.png */; };
		2482D96815D5C83800216249 /* icon-student-sign-up-placeholder@2x.png in Resources */ = {isa = PBXBuildFile; fileRef = 2482D96415D5C83800216249 /* icon-student-sign-up-placeholder@2x.png */; };
		248CF54A15C34CDB00028B2B /* icon-child-unselected-mask.png in Resources */ = {isa = PBXBuildFile; fileRef = 248CF54615C34CDB00028B2B /* icon-child-unselected-mask.png */; };
		248CF54B15C34CDB00028B2B /* icon-child-unselected-mask@2x.png in Resources */ = {isa = PBXBuildFile; fileRef = 248CF54715C34CDB00028B2B /* icon-child-unselected-mask@2x.png */; };
		248CF54C15C34CDB00028B2B /* icon-parent-unselected-mask.png in Resources */ = {isa = PBXBuildFile; fileRef = 248CF54815C34CDB00028B2B /* icon-parent-unselected-mask.png */; };
		248CF54D15C34CDB00028B2B /* icon-parent-unselected-mask@2x.png in Resources */ = {isa = PBXBuildFile; fileRef = 248CF54915C34CDB00028B2B /* icon-parent-unselected-mask@2x.png */; };
		248CF55015C34D7500028B2B /* metaplus-black.ttf in Resources */ = {isa = PBXBuildFile; fileRef = 248CF54F15C34D7500028B2B /* metaplus-black.ttf */; };
		24B6C58115B9CB6700022A4F /* UIKit.framework in Frameworks */ = {isa = PBXBuildFile; fileRef = 24B6C58015B9CB6700022A4F /* UIKit.framework */; };
		24B6C58315B9CB6700022A4F /* Foundation.framework in Frameworks */ = {isa = PBXBuildFile; fileRef = 24B6C58215B9CB6700022A4F /* Foundation.framework */; };
		24B6C58515B9CB6700022A4F /* CoreGraphics.framework in Frameworks */ = {isa = PBXBuildFile; fileRef = 24B6C58415B9CB6700022A4F /* CoreGraphics.framework */; };
		24B6C58B15B9CB6700022A4F /* InfoPlist.strings in Resources */ = {isa = PBXBuildFile; fileRef = 24B6C58915B9CB6700022A4F /* InfoPlist.strings */; };
		24B6C58D15B9CB6700022A4F /* main.m in Sources */ = {isa = PBXBuildFile; fileRef = 24B6C58C15B9CB6700022A4F /* main.m */; };
		24B6C59115B9CB6700022A4F /* AppDelegate.m in Sources */ = {isa = PBXBuildFile; fileRef = 24B6C59015B9CB6700022A4F /* AppDelegate.m */; };
		24B6C59415B9CB6700022A4F /* MainStoryboard.storyboard in Resources */ = {isa = PBXBuildFile; fileRef = 24B6C59215B9CB6700022A4F /* MainStoryboard.storyboard */; };
		24B6C59715B9CB6700022A4F /* ViewController.m in Sources */ = {isa = PBXBuildFile; fileRef = 24B6C59615B9CB6700022A4F /* ViewController.m */; };
		24B6C5B715B9D9F200022A4F /* FBDialog.bundle in Resources */ = {isa = PBXBuildFile; fileRef = 24B6C5AA15B9D9F200022A4F /* FBDialog.bundle */; };
		24B6C5B815B9D9F200022A4F /* libfacebook_ios_sdk.a in Frameworks */ = {isa = PBXBuildFile; fileRef = 24B6C5B015B9D9F200022A4F /* libfacebook_ios_sdk.a */; };
		24B6C5C615B9F71200022A4F /* Facebook+Singleton.m in Sources */ = {isa = PBXBuildFile; fileRef = 24B6C5C515B9F71200022A4F /* Facebook+Singleton.m */; };
		24B6C5E815BA126D00022A4F /* ParentPortalViewController.m in Sources */ = {isa = PBXBuildFile; fileRef = 24B6C5E715BA126D00022A4F /* ParentPortalViewController.m */; };
		24EBB51E15D896AF007CB745 /* DatePickerViewController.m in Sources */ = {isa = PBXBuildFile; fileRef = 24EBB51D15D896AF007CB745 /* DatePickerViewController.m */; };
		24F0DC6615D1E83200CE4A88 /* Cell.m in Sources */ = {isa = PBXBuildFile; fileRef = 24F0DC6515D1E83200CE4A88 /* Cell.m */; };
		24F2B1B615DDB89E00553637 /* btn-camera-icon-inactive@2x.png in Resources */ = {isa = PBXBuildFile; fileRef = 24F2B1B515DDB89E00553637 /* btn-camera-icon-inactive@2x.png */; };
		24F4F22815C72B8500E93A08 /* log-in-bg-with-mask.png in Resources */ = {isa = PBXBuildFile; fileRef = 24F4F22615C72B8300E93A08 /* log-in-bg-with-mask.png */; };
		24F4F22915C72B8500E93A08 /* log-in-bg-with-mask@2x.png in Resources */ = {isa = PBXBuildFile; fileRef = 24F4F22715C72B8400E93A08 /* log-in-bg-with-mask@2x.png */; };
		24F857B215BE1EB100DE6714 /* LICENSE.txt in Resources */ = {isa = PBXBuildFile; fileRef = 24F8579015BE1EB100DE6714 /* LICENSE.txt */; };
		24F857B315BE1EB100DE6714 /* OpenSans-Bold.ttf in Resources */ = {isa = PBXBuildFile; fileRef = 24F8579115BE1EB100DE6714 /* OpenSans-Bold.ttf */; };
		24F857B415BE1EB100DE6714 /* OpenSans-BoldItalic.ttf in Resources */ = {isa = PBXBuildFile; fileRef = 24F8579215BE1EB100DE6714 /* OpenSans-BoldItalic.ttf */; };
		24F857B515BE1EB100DE6714 /* OpenSans-ExtraBold.ttf in Resources */ = {isa = PBXBuildFile; fileRef = 24F8579315BE1EB100DE6714 /* OpenSans-ExtraBold.ttf */; };
		24F857B615BE1EB100DE6714 /* OpenSans-ExtraBoldItalic.ttf in Resources */ = {isa = PBXBuildFile; fileRef = 24F8579415BE1EB100DE6714 /* OpenSans-ExtraBoldItalic.ttf */; };
		24F857B715BE1EB100DE6714 /* OpenSans-Italic.ttf in Resources */ = {isa = PBXBuildFile; fileRef = 24F8579515BE1EB100DE6714 /* OpenSans-Italic.ttf */; };
		24F857B815BE1EB100DE6714 /* OpenSans-Light.ttf in Resources */ = {isa = PBXBuildFile; fileRef = 24F8579615BE1EB100DE6714 /* OpenSans-Light.ttf */; };
		24F857B915BE1EB100DE6714 /* OpenSans-LightItalic.ttf in Resources */ = {isa = PBXBuildFile; fileRef = 24F8579715BE1EB100DE6714 /* OpenSans-LightItalic.ttf */; };
		24F857BA15BE1EB100DE6714 /* OpenSans-Regular.ttf in Resources */ = {isa = PBXBuildFile; fileRef = 24F8579815BE1EB100DE6714 /* OpenSans-Regular.ttf */; };
		24F857BB15BE1EB100DE6714 /* OpenSans-Semibold.ttf in Resources */ = {isa = PBXBuildFile; fileRef = 24F8579915BE1EB100DE6714 /* OpenSans-Semibold.ttf */; };
		24F857BC15BE1EB100DE6714 /* OpenSans-SemiboldItalic.ttf in Resources */ = {isa = PBXBuildFile; fileRef = 24F8579A15BE1EB100DE6714 /* OpenSans-SemiboldItalic.ttf */; };
/* End PBXBuildFile section */

/* Begin PBXFileReference section */
		24014C0615D75D4500778B51 /* MainSideMenuItemCell.h */ = {isa = PBXFileReference; fileEncoding = 4; lastKnownFileType = sourcecode.c.h; path = MainSideMenuItemCell.h; sourceTree = "<group>"; };
		24014C0715D75D4500778B51 /* MainSideMenuItemCell.m */ = {isa = PBXFileReference; fileEncoding = 4; lastKnownFileType = sourcecode.c.objc; path = MainSideMenuItemCell.m; sourceTree = "<group>"; };
		24014C0A15D78AED00778B51 /* AddStudentCell.h */ = {isa = PBXFileReference; fileEncoding = 4; lastKnownFileType = sourcecode.c.h; path = AddStudentCell.h; sourceTree = "<group>"; };
		24014C0B15D78AED00778B51 /* AddStudentCell.m */ = {isa = PBXFileReference; fileEncoding = 4; lastKnownFileType = sourcecode.c.objc; path = AddStudentCell.m; sourceTree = "<group>"; };
		24597F6215D0D7B7000E9847 /* btn-add-student-active.png */ = {isa = PBXFileReference; lastKnownFileType = image.png; path = "btn-add-student-active.png"; sourceTree = "<group>"; };
		24597F6315D0D7B7000E9847 /* btn-add-student-active@2x.png */ = {isa = PBXFileReference; lastKnownFileType = image.png; path = "btn-add-student-active@2x.png"; sourceTree = "<group>"; };
		24597F6415D0D7B7000E9847 /* btn-add-student-inactive.png */ = {isa = PBXFileReference; lastKnownFileType = image.png; path = "btn-add-student-inactive.png"; sourceTree = "<group>"; };
		24597F6515D0D7B7000E9847 /* btn-add-student-inactive@2x.png */ = {isa = PBXFileReference; lastKnownFileType = image.png; path = "btn-add-student-inactive@2x.png"; sourceTree = "<group>"; };
		246D045315C099680056D3F9 /* piitri-logo-iPad.png */ = {isa = PBXFileReference; lastKnownFileType = image.png; path = "piitri-logo-iPad.png"; sourceTree = "<group>"; };
		246D045415C099680056D3F9 /* piitri-logo-iPad@2x.png */ = {isa = PBXFileReference; lastKnownFileType = image.png; path = "piitri-logo-iPad@2x.png"; sourceTree = "<group>"; };
		246D045C15C099960056D3F9 /* btn-camera-icon-active.png */ = {isa = PBXFileReference; lastKnownFileType = image.png; path = "btn-camera-icon-active.png"; sourceTree = "<group>"; };
		246D045D15C099960056D3F9 /* btn-camera-icon-active@2x.png */ = {isa = PBXFileReference; lastKnownFileType = image.png; path = "btn-camera-icon-active@2x.png"; sourceTree = "<group>"; };
		246D045E15C099960056D3F9 /* btn-camera-icon-inactive.png */ = {isa = PBXFileReference; lastKnownFileType = image.png; path = "btn-camera-icon-inactive.png"; sourceTree = "<group>"; };
		246D046015C099960056D3F9 /* btn-fbconnect-active.png */ = {isa = PBXFileReference; lastKnownFileType = image.png; path = "btn-fbconnect-active.png"; sourceTree = "<group>"; };
		246D046115C099960056D3F9 /* btn-fbconnect-active@2x.png */ = {isa = PBXFileReference; lastKnownFileType = image.png; path = "btn-fbconnect-active@2x.png"; sourceTree = "<group>"; };
		246D046215C099960056D3F9 /* btn-fbconnect-inactive.png */ = {isa = PBXFileReference; lastKnownFileType = image.png; path = "btn-fbconnect-inactive.png"; sourceTree = "<group>"; };
		246D046315C099960056D3F9 /* btn-fbconnect-inactive@2x.png */ = {isa = PBXFileReference; lastKnownFileType = image.png; path = "btn-fbconnect-inactive@2x.png"; sourceTree = "<group>"; };
		246D046415C099960056D3F9 /* btn-fbconnect-logout-active@2x.png */ = {isa = PBXFileReference; lastKnownFileType = image.png; path = "btn-fbconnect-logout-active@2x.png"; sourceTree = "<group>"; };
		246D046515C099960056D3F9 /* btn-fbconnect-logout-inactive@2x.png */ = {isa = PBXFileReference; lastKnownFileType = image.png; path = "btn-fbconnect-logout-inactive@2x.png"; sourceTree = "<group>"; };
		246D046615C099960056D3F9 /* fbconnect-dialog.png */ = {isa = PBXFileReference; lastKnownFileType = image.png; path = "fbconnect-dialog.png"; sourceTree = "<group>"; };
		246D046715C099960056D3F9 /* fbconnect-dialog@2x.png */ = {isa = PBXFileReference; lastKnownFileType = image.png; path = "fbconnect-dialog@2x.png"; sourceTree = "<group>"; };
		246D046815C099960056D3F9 /* form-icon-mask.png */ = {isa = PBXFileReference; lastKnownFileType = image.png; path = "form-icon-mask.png"; sourceTree = "<group>"; };
		246D046915C099960056D3F9 /* form-icon-mask@2x.png */ = {isa = PBXFileReference; lastKnownFileType = image.png; path = "form-icon-mask@2x.png"; sourceTree = "<group>"; };
		246D046A15C099960056D3F9 /* gender-boy-active.png */ = {isa = PBXFileReference; lastKnownFileType = image.png; path = "gender-boy-active.png"; sourceTree = "<group>"; };
		246D046B15C099960056D3F9 /* gender-boy-active@2x.png */ = {isa = PBXFileReference; lastKnownFileType = image.png; path = "gender-boy-active@2x.png"; sourceTree = "<group>"; };
		246D046C15C099960056D3F9 /* gender-boy-inactive.png */ = {isa = PBXFileReference; lastKnownFileType = image.png; path = "gender-boy-inactive.png"; sourceTree = "<group>"; };
		246D046D15C099960056D3F9 /* gender-boy-inactive@2x.png */ = {isa = PBXFileReference; lastKnownFileType = image.png; path = "gender-boy-inactive@2x.png"; sourceTree = "<group>"; };
		246D046E15C099960056D3F9 /* gender-girl-active.png */ = {isa = PBXFileReference; lastKnownFileType = image.png; path = "gender-girl-active.png"; sourceTree = "<group>"; };
		246D046F15C099960056D3F9 /* gender-girl-active@2x.png */ = {isa = PBXFileReference; lastKnownFileType = image.png; path = "gender-girl-active@2x.png"; sourceTree = "<group>"; };
		246D047015C099960056D3F9 /* gender-girl-inactive.png */ = {isa = PBXFileReference; lastKnownFileType = image.png; path = "gender-girl-inactive.png"; sourceTree = "<group>"; };
		246D047115C099960056D3F9 /* gender-girl-inactive@2x.png */ = {isa = PBXFileReference; lastKnownFileType = image.png; path = "gender-girl-inactive@2x.png"; sourceTree = "<group>"; };
		246D047215C099960056D3F9 /* icon-selected-mask.png */ = {isa = PBXFileReference; lastKnownFileType = image.png; path = "icon-selected-mask.png"; sourceTree = "<group>"; };
		246D047315C099960056D3F9 /* icon-selected-mask@2x.png */ = {isa = PBXFileReference; lastKnownFileType = image.png; path = "icon-selected-mask@2x.png"; sourceTree = "<group>"; };
		246D047415C099960056D3F9 /* lessonsandactivity.png */ = {isa = PBXFileReference; lastKnownFileType = image.png; path = lessonsandactivity.png; sourceTree = "<group>"; };
		246D047515C099960056D3F9 /* lessonsandactivity@2x.png */ = {isa = PBXFileReference; lastKnownFileType = image.png; path = "lessonsandactivity@2x.png"; sourceTree = "<group>"; };
		246D047615C099960056D3F9 /* light-box-black.png */ = {isa = PBXFileReference; lastKnownFileType = image.png; path = "light-box-black.png"; sourceTree = "<group>"; };
		246D047715C099960056D3F9 /* light-box-black@2x.png */ = {isa = PBXFileReference; lastKnownFileType = image.png; path = "light-box-black@2x.png"; sourceTree = "<group>"; };
		246D047815C099960056D3F9 /* log-in-bg.png */ = {isa = PBXFileReference; lastKnownFileType = image.png; path = "log-in-bg.png"; sourceTree = "<group>"; };
		246D047915C099960056D3F9 /* log-in-bg@2x.png */ = {isa = PBXFileReference; lastKnownFileType = image.png; path = "log-in-bg@2x.png"; sourceTree = "<group>"; };
		246D047A15C099960056D3F9 /* parent-icon-mask.png */ = {isa = PBXFileReference; lastKnownFileType = image.png; path = "parent-icon-mask.png"; sourceTree = "<group>"; };
		246D047B15C099960056D3F9 /* parent-icon-mask@2x.png */ = {isa = PBXFileReference; lastKnownFileType = image.png; path = "parent-icon-mask@2x.png"; sourceTree = "<group>"; };
		246D047C15C099960056D3F9 /* piitri-logo-lg.png */ = {isa = PBXFileReference; lastKnownFileType = image.png; path = "piitri-logo-lg.png"; sourceTree = "<group>"; };
		246D047D15C099960056D3F9 /* piitri-logo-lg@2x.png */ = {isa = PBXFileReference; lastKnownFileType = image.png; path = "piitri-logo-lg@2x.png"; sourceTree = "<group>"; };
		246D047E15C099960056D3F9 /* side-menuline.png */ = {isa = PBXFileReference; lastKnownFileType = image.png; path = "side-menuline.png"; sourceTree = "<group>"; };
		246D047F15C099960056D3F9 /* side-menuline@2x.png */ = {isa = PBXFileReference; lastKnownFileType = image.png; path = "side-menuline@2x.png"; sourceTree = "<group>"; };
		246D048015C099960056D3F9 /* sidemenu.png */ = {isa = PBXFileReference; lastKnownFileType = image.png; path = sidemenu.png; sourceTree = "<group>"; };
		246D048115C099960056D3F9 /* sidemenu@2x.png */ = {isa = PBXFileReference; lastKnownFileType = image.png; path = "sidemenu@2x.png"; sourceTree = "<group>"; };
		246D048215C099960056D3F9 /* social-facebookconnect-active.png */ = {isa = PBXFileReference; lastKnownFileType = image.png; path = "social-facebookconnect-active.png"; sourceTree = "<group>"; };
		246D048315C099960056D3F9 /* social-facebookconnect-active@2x.png */ = {isa = PBXFileReference; lastKnownFileType = image.png; path = "social-facebookconnect-active@2x.png"; sourceTree = "<group>"; };
		246D048415C099960056D3F9 /* social-facebookconnect-inactive.png */ = {isa = PBXFileReference; lastKnownFileType = image.png; path = "social-facebookconnect-inactive.png"; sourceTree = "<group>"; };
		246D048515C099960056D3F9 /* social-facebookconnect-inactive@2x.png */ = {isa = PBXFileReference; lastKnownFileType = image.png; path = "social-facebookconnect-inactive@2x.png"; sourceTree = "<group>"; };
		246D048615C099960056D3F9 /* social-googleconnect-active.png */ = {isa = PBXFileReference; lastKnownFileType = image.png; path = "social-googleconnect-active.png"; sourceTree = "<group>"; };
		246D048715C099960056D3F9 /* social-googleconnect-active@2x.png */ = {isa = PBXFileReference; lastKnownFileType = image.png; path = "social-googleconnect-active@2x.png"; sourceTree = "<group>"; };
		246D048815C099960056D3F9 /* social-googleconnect-inactive.png */ = {isa = PBXFileReference; lastKnownFileType = image.png; path = "social-googleconnect-inactive.png"; sourceTree = "<group>"; };
		246D048915C099960056D3F9 /* social-googleconnect-inactive@2x.png */ = {isa = PBXFileReference; lastKnownFileType = image.png; path = "social-googleconnect-inactive@2x.png"; sourceTree = "<group>"; };
		246D048A15C099960056D3F9 /* social-twitterconnect-active.png */ = {isa = PBXFileReference; lastKnownFileType = image.png; path = "social-twitterconnect-active.png"; sourceTree = "<group>"; };
		246D048B15C099960056D3F9 /* social-twitterconnect-active@2x.png */ = {isa = PBXFileReference; lastKnownFileType = image.png; path = "social-twitterconnect-active@2x.png"; sourceTree = "<group>"; };
		246D048C15C099960056D3F9 /* social-twitterconnect-inactive.png */ = {isa = PBXFileReference; lastKnownFileType = image.png; path = "social-twitterconnect-inactive.png"; sourceTree = "<group>"; };
		246D048D15C099960056D3F9 /* social-twitterconnect-inactive@2x.png */ = {isa = PBXFileReference; lastKnownFileType = image.png; path = "social-twitterconnect-inactive@2x.png"; sourceTree = "<group>"; };
		246D048E15C099960056D3F9 /* student-form.png */ = {isa = PBXFileReference; lastKnownFileType = image.png; path = "student-form.png"; sourceTree = "<group>"; };
		246D048F15C099960056D3F9 /* student-form@2x.png */ = {isa = PBXFileReference; lastKnownFileType = image.png; path = "student-form@2x.png"; sourceTree = "<group>"; };
		246D049515C099960056D3F9 /* top-header-curve.png */ = {isa = PBXFileReference; lastKnownFileType = image.png; path = "top-header-curve.png"; sourceTree = "<group>"; };
		246D049715C099960056D3F9 /* top-header-curve@2x.png */ = {isa = PBXFileReference; lastKnownFileType = image.png; path = "top-header-curve@2x.png"; sourceTree = "<group>"; };
		246D04D815C0C4210056D3F9 /* btn-buy-more-coins.png */ = {isa = PBXFileReference; lastKnownFileType = image.png; path = "btn-buy-more-coins.png"; sourceTree = "<group>"; };
		246D04D915C0C4220056D3F9 /* btn-buy-more-coins@2x.png */ = {isa = PBXFileReference; lastKnownFileType = image.png; path = "btn-buy-more-coins@2x.png"; sourceTree = "<group>"; };
		246D04DA15C0C4230056D3F9 /* btn-edit-profile.png */ = {isa = PBXFileReference; lastKnownFileType = image.png; path = "btn-edit-profile.png"; sourceTree = "<group>"; };
		246D04DB15C0C4250056D3F9 /* btn-edit-profile@2x.png */ = {isa = PBXFileReference; lastKnownFileType = image.png; path = "btn-edit-profile@2x.png"; sourceTree = "<group>"; };
		2478B84D15CFFFB00007F08F /* gender-boy-active-segmented.png */ = {isa = PBXFileReference; lastKnownFileType = image.png; path = "gender-boy-active-segmented.png"; sourceTree = "<group>"; };
		2478B84E15CFFFB00007F08F /* gender-boy-active-segmented@2x.png */ = {isa = PBXFileReference; lastKnownFileType = image.png; path = "gender-boy-active-segmented@2x.png"; sourceTree = "<group>"; };
		2478B84F15CFFFB00007F08F /* gender-girl-active-segmented.png */ = {isa = PBXFileReference; lastKnownFileType = image.png; path = "gender-girl-active-segmented.png"; sourceTree = "<group>"; };
		2478B85015CFFFB00007F08F /* gender-girl-active-segmented@2x.png */ = {isa = PBXFileReference; lastKnownFileType = image.png; path = "gender-girl-active-segmented@2x.png"; sourceTree = "<group>"; };
		2478B85115CFFFB00007F08F /* gender-inactive-segmented.png */ = {isa = PBXFileReference; lastKnownFileType = image.png; path = "gender-inactive-segmented.png"; sourceTree = "<group>"; };
		2478B85215CFFFB00007F08F /* gender-inactive-segmented@2x.png */ = {isa = PBXFileReference; lastKnownFileType = image.png; path = "gender-inactive-segmented@2x.png"; sourceTree = "<group>"; };
		2478B87D15D0B4930007F08F /* tab-student-unselected.png */ = {isa = PBXFileReference; lastKnownFileType = image.png; path = "tab-student-unselected.png"; sourceTree = "<group>"; };
		2478B87E15D0B4980007F08F /* tab-student-unselected@2x.png */ = {isa = PBXFileReference; lastKnownFileType = image.png; path = "tab-student-unselected@2x.png"; sourceTree = "<group>"; };
		2478B87F15D0B49F0007F08F /* tab-unselected.png */ = {isa = PBXFileReference; lastKnownFileType = image.png; path = "tab-unselected.png"; sourceTree = "<group>"; };
		2478B88015D0B4A90007F08F /* tab-unselected@2x.png */ = {isa = PBXFileReference; lastKnownFileType = image.png; path = "tab-unselected@2x.png"; sourceTree = "<group>"; };
		2478B88915D0B5790007F08F /* tab-hightlight.png */ = {isa = PBXFileReference; lastKnownFileType = image.png; path = "tab-hightlight.png"; sourceTree = "<group>"; };
		2478B88A15D0B57B0007F08F /* tab-hightlight@2x.png */ = {isa = PBXFileReference; lastKnownFileType = image.png; path = "tab-hightlight@2x.png"; sourceTree = "<group>"; };
		2482D96115D5C83700216249 /* icon-add-student-form-mask.png */ = {isa = PBXFileReference; lastKnownFileType = image.png; path = "icon-add-student-form-mask.png"; sourceTree = "<group>"; };
		2482D96215D5C83700216249 /* icon-add-student-form-mask@2x.png */ = {isa = PBXFileReference; lastKnownFileType = image.png; path = "icon-add-student-form-mask@2x.png"; sourceTree = "<group>"; };
		2482D96315D5C83700216249 /* icon-student-sign-up-placeholder.png */ = {isa = PBXFileReference; lastKnownFileType = image.png; path = "icon-student-sign-up-placeholder.png"; sourceTree = "<group>"; };
		2482D96415D5C83800216249 /* icon-student-sign-up-placeholder@2x.png */ = {isa = PBXFileReference; lastKnownFileType = image.png; path = "icon-student-sign-up-placeholder@2x.png"; sourceTree = "<group>"; };
		248CF54615C34CDB00028B2B /* icon-child-unselected-mask.png */ = {isa = PBXFileReference; lastKnownFileType = image.png; path = "icon-child-unselected-mask.png"; sourceTree = "<group>"; };
		248CF54715C34CDB00028B2B /* icon-child-unselected-mask@2x.png */ = {isa = PBXFileReference; lastKnownFileType = image.png; path = "icon-child-unselected-mask@2x.png"; sourceTree = "<group>"; };
		248CF54815C34CDB00028B2B /* icon-parent-unselected-mask.png */ = {isa = PBXFileReference; lastKnownFileType = image.png; path = "icon-parent-unselected-mask.png"; sourceTree = "<group>"; };
		248CF54915C34CDB00028B2B /* icon-parent-unselected-mask@2x.png */ = {isa = PBXFileReference; lastKnownFileType = image.png; path = "icon-parent-unselected-mask@2x.png"; sourceTree = "<group>"; };
		248CF54F15C34D7500028B2B /* metaplus-black.ttf */ = {isa = PBXFileReference; lastKnownFileType = file; name = "metaplus-black.ttf"; path = "Meta Plus Black/metaplus-black.ttf"; sourceTree = "<group>"; };
		24B6C57C15B9CB6700022A4F /* PiitriSelectionTask.app */ = {isa = PBXFileReference; explicitFileType = wrapper.application; includeInIndex = 0; path = PiitriSelectionTask.app; sourceTree = BUILT_PRODUCTS_DIR; };
		24B6C58015B9CB6700022A4F /* UIKit.framework */ = {isa = PBXFileReference; lastKnownFileType = wrapper.framework; name = UIKit.framework; path = System/Library/Frameworks/UIKit.framework; sourceTree = SDKROOT; };
		24B6C58215B9CB6700022A4F /* Foundation.framework */ = {isa = PBXFileReference; lastKnownFileType = wrapper.framework; name = Foundation.framework; path = System/Library/Frameworks/Foundation.framework; sourceTree = SDKROOT; };
		24B6C58415B9CB6700022A4F /* CoreGraphics.framework */ = {isa = PBXFileReference; lastKnownFileType = wrapper.framework; name = CoreGraphics.framework; path = System/Library/Frameworks/CoreGraphics.framework; sourceTree = SDKROOT; };
		24B6C58815B9CB6700022A4F /* PiitriSelectionTask-Info.plist */ = {isa = PBXFileReference; lastKnownFileType = text.plist.xml; path = "PiitriSelectionTask-Info.plist"; sourceTree = "<group>"; };
		24B6C58A15B9CB6700022A4F /* en */ = {isa = PBXFileReference; lastKnownFileType = text.plist.strings; name = en; path = en.lproj/InfoPlist.strings; sourceTree = "<group>"; };
		24B6C58C15B9CB6700022A4F /* main.m */ = {isa = PBXFileReference; lastKnownFileType = sourcecode.c.objc; path = main.m; sourceTree = "<group>"; };
		24B6C58E15B9CB6700022A4F /* PiitriSelectionTask-Prefix.pch */ = {isa = PBXFileReference; lastKnownFileType = sourcecode.c.h; path = "PiitriSelectionTask-Prefix.pch"; sourceTree = "<group>"; };
		24B6C58F15B9CB6700022A4F /* AppDelegate.h */ = {isa = PBXFileReference; lastKnownFileType = sourcecode.c.h; path = AppDelegate.h; sourceTree = "<group>"; };
		24B6C59015B9CB6700022A4F /* AppDelegate.m */ = {isa = PBXFileReference; lastKnownFileType = sourcecode.c.objc; path = AppDelegate.m; sourceTree = "<group>"; };
		24B6C59315B9CB6700022A4F /* en */ = {isa = PBXFileReference; lastKnownFileType = file.storyboard; name = en; path = en.lproj/MainStoryboard.storyboard; sourceTree = "<group>"; };
		24B6C59515B9CB6700022A4F /* ViewController.h */ = {isa = PBXFileReference; lastKnownFileType = sourcecode.c.h; path = ViewController.h; sourceTree = "<group>"; };
		24B6C59615B9CB6700022A4F /* ViewController.m */ = {isa = PBXFileReference; lastKnownFileType = sourcecode.c.objc; path = ViewController.m; sourceTree = "<group>"; };
		24B6C5A815B9D9F200022A4F /* Facebook.h */ = {isa = PBXFileReference; fileEncoding = 4; lastKnownFileType = sourcecode.c.h; path = Facebook.h; sourceTree = "<group>"; };
		24B6C5A915B9D9F200022A4F /* FBConnect.h */ = {isa = PBXFileReference; fileEncoding = 4; lastKnownFileType = sourcecode.c.h; path = FBConnect.h; sourceTree = "<group>"; };
		24B6C5AA15B9D9F200022A4F /* FBDialog.bundle */ = {isa = PBXFileReference; lastKnownFileType = "wrapper.plug-in"; path = FBDialog.bundle; sourceTree = "<group>"; };
		24B6C5AB15B9D9F200022A4F /* FBDialog.h */ = {isa = PBXFileReference; fileEncoding = 4; lastKnownFileType = sourcecode.c.h; path = FBDialog.h; sourceTree = "<group>"; };
		24B6C5AC15B9D9F200022A4F /* FBFrictionlessRequestSettings.h */ = {isa = PBXFileReference; fileEncoding = 4; lastKnownFileType = sourcecode.c.h; path = FBFrictionlessRequestSettings.h; sourceTree = "<group>"; };
		24B6C5AD15B9D9F200022A4F /* FBLoginDialog.h */ = {isa = PBXFileReference; fileEncoding = 4; lastKnownFileType = sourcecode.c.h; path = FBLoginDialog.h; sourceTree = "<group>"; };
		24B6C5AE15B9D9F200022A4F /* FBRequest.h */ = {isa = PBXFileReference; fileEncoding = 4; lastKnownFileType = sourcecode.c.h; path = FBRequest.h; sourceTree = "<group>"; };
		24B6C5AF15B9D9F200022A4F /* JSON.h */ = {isa = PBXFileReference; fileEncoding = 4; lastKnownFileType = sourcecode.c.h; path = JSON.h; sourceTree = "<group>"; };
		24B6C5B015B9D9F200022A4F /* libfacebook_ios_sdk.a */ = {isa = PBXFileReference; lastKnownFileType = archive.ar; path = libfacebook_ios_sdk.a; sourceTree = "<group>"; };
		24B6C5B115B9D9F200022A4F /* NSObject+SBJSON.h */ = {isa = PBXFileReference; fileEncoding = 4; lastKnownFileType = sourcecode.c.h; path = "NSObject+SBJSON.h"; sourceTree = "<group>"; };
		24B6C5B215B9D9F200022A4F /* NSString+SBJSON.h */ = {isa = PBXFileReference; fileEncoding = 4; lastKnownFileType = sourcecode.c.h; path = "NSString+SBJSON.h"; sourceTree = "<group>"; };
		24B6C5B315B9D9F200022A4F /* SBJSON.h */ = {isa = PBXFileReference; fileEncoding = 4; lastKnownFileType = sourcecode.c.h; path = SBJSON.h; sourceTree = "<group>"; };
		24B6C5B415B9D9F200022A4F /* SBJsonBase.h */ = {isa = PBXFileReference; fileEncoding = 4; lastKnownFileType = sourcecode.c.h; path = SBJsonBase.h; sourceTree = "<group>"; };
		24B6C5B515B9D9F200022A4F /* SBJsonParser.h */ = {isa = PBXFileReference; fileEncoding = 4; lastKnownFileType = sourcecode.c.h; path = SBJsonParser.h; sourceTree = "<group>"; };
		24B6C5B615B9D9F200022A4F /* SBJsonWriter.h */ = {isa = PBXFileReference; fileEncoding = 4; lastKnownFileType = sourcecode.c.h; path = SBJsonWriter.h; sourceTree = "<group>"; };
		24B6C5C415B9F71200022A4F /* Facebook+Singleton.h */ = {isa = PBXFileReference; fileEncoding = 4; lastKnownFileType = sourcecode.c.h; path = "Facebook+Singleton.h"; sourceTree = "<group>"; };
		24B6C5C515B9F71200022A4F /* Facebook+Singleton.m */ = {isa = PBXFileReference; fileEncoding = 4; lastKnownFileType = sourcecode.c.objc; path = "Facebook+Singleton.m"; sourceTree = "<group>"; };
		24B6C5E615BA126D00022A4F /* ParentPortalViewController.h */ = {isa = PBXFileReference; fileEncoding = 4; lastKnownFileType = sourcecode.c.h; path = ParentPortalViewController.h; sourceTree = "<group>"; };
		24B6C5E715BA126D00022A4F /* ParentPortalViewController.m */ = {isa = PBXFileReference; fileEncoding = 4; lastKnownFileType = sourcecode.c.objc; path = ParentPortalViewController.m; sourceTree = "<group>"; };
		24EBB51C15D896AF007CB745 /* DatePickerViewController.h */ = {isa = PBXFileReference; fileEncoding = 4; lastKnownFileType = sourcecode.c.h; path = DatePickerViewController.h; sourceTree = "<group>"; };
		24EBB51D15D896AF007CB745 /* DatePickerViewController.m */ = {isa = PBXFileReference; fileEncoding = 4; lastKnownFileType = sourcecode.c.objc; path = DatePickerViewController.m; sourceTree = "<group>"; };
		24F0DC6415D1E83200CE4A88 /* Cell.h */ = {isa = PBXFileReference; fileEncoding = 4; lastKnownFileType = sourcecode.c.h; path = Cell.h; sourceTree = "<group>"; };
		24F0DC6515D1E83200CE4A88 /* Cell.m */ = {isa = PBXFileReference; fileEncoding = 4; lastKnownFileType = sourcecode.c.objc; path = Cell.m; sourceTree = "<group>"; };
		24F2B1B515DDB89E00553637 /* btn-camera-icon-inactive@2x.png */ = {isa = PBXFileReference; lastKnownFileType = image.png; path = "btn-camera-icon-inactive@2x.png"; sourceTree = "<group>"; };
		24F4F22615C72B8300E93A08 /* log-in-bg-with-mask.png */ = {isa = PBXFileReference; lastKnownFileType = image.png; path = "log-in-bg-with-mask.png"; sourceTree = "<group>"; };
		24F4F22715C72B8400E93A08 /* log-in-bg-with-mask@2x.png */ = {isa = PBXFileReference; lastKnownFileType = image.png; path = "log-in-bg-with-mask@2x.png"; sourceTree = "<group>"; };
		24F8579015BE1EB100DE6714 /* LICENSE.txt */ = {isa = PBXFileReference; fileEncoding = 4; lastKnownFileType = text; path = LICENSE.txt; sourceTree = "<group>"; };
		24F8579115BE1EB100DE6714 /* OpenSans-Bold.ttf */ = {isa = PBXFileReference; lastKnownFileType = file; path = "OpenSans-Bold.ttf"; sourceTree = "<group>"; };
		24F8579215BE1EB100DE6714 /* OpenSans-BoldItalic.ttf */ = {isa = PBXFileReference; lastKnownFileType = file; path = "OpenSans-BoldItalic.ttf"; sourceTree = "<group>"; };
		24F8579315BE1EB100DE6714 /* OpenSans-ExtraBold.ttf */ = {isa = PBXFileReference; lastKnownFileType = file; path = "OpenSans-ExtraBold.ttf"; sourceTree = "<group>"; };
		24F8579415BE1EB100DE6714 /* OpenSans-ExtraBoldItalic.ttf */ = {isa = PBXFileReference; lastKnownFileType = file; path = "OpenSans-ExtraBoldItalic.ttf"; sourceTree = "<group>"; };
		24F8579515BE1EB100DE6714 /* OpenSans-Italic.ttf */ = {isa = PBXFileReference; lastKnownFileType = file; path = "OpenSans-Italic.ttf"; sourceTree = "<group>"; };
		24F8579615BE1EB100DE6714 /* OpenSans-Light.ttf */ = {isa = PBXFileReference; lastKnownFileType = file; path = "OpenSans-Light.ttf"; sourceTree = "<group>"; };
		24F8579715BE1EB100DE6714 /* OpenSans-LightItalic.ttf */ = {isa = PBXFileReference; lastKnownFileType = file; path = "OpenSans-LightItalic.ttf"; sourceTree = "<group>"; };
		24F8579815BE1EB100DE6714 /* OpenSans-Regular.ttf */ = {isa = PBXFileReference; lastKnownFileType = file; path = "OpenSans-Regular.ttf"; sourceTree = "<group>"; };
		24F8579915BE1EB100DE6714 /* OpenSans-Semibold.ttf */ = {isa = PBXFileReference; lastKnownFileType = file; path = "OpenSans-Semibold.ttf"; sourceTree = "<group>"; };
		24F8579A15BE1EB100DE6714 /* OpenSans-SemiboldItalic.ttf */ = {isa = PBXFileReference; lastKnownFileType = file; path = "OpenSans-SemiboldItalic.ttf"; sourceTree = "<group>"; };
/* End PBXFileReference section */

/* Begin PBXFrameworksBuildPhase section */
		24B6C57915B9CB6700022A4F /* Frameworks */ = {
			isa = PBXFrameworksBuildPhase;
			buildActionMask = 2147483647;
			files = (
				24B6C58115B9CB6700022A4F /* UIKit.framework in Frameworks */,
				24B6C58315B9CB6700022A4F /* Foundation.framework in Frameworks */,
				24B6C58515B9CB6700022A4F /* CoreGraphics.framework in Frameworks */,
				24B6C5B815B9D9F200022A4F /* libfacebook_ios_sdk.a in Frameworks */,
			);
			runOnlyForDeploymentPostprocessing = 0;
		};
/* End PBXFrameworksBuildPhase section */

/* Begin PBXGroup section */
		246D045215C099680056D3F9 /* Icons */ = {
			isa = PBXGroup;
			children = (
				246D045315C099680056D3F9 /* piitri-logo-iPad.png */,
				246D045415C099680056D3F9 /* piitri-logo-iPad@2x.png */,
			);
			name = Icons;
			path = PiitriSelectionTask/Icons;
			sourceTree = "<group>";
		};
		246D045715C099950056D3F9 /* images */ = {
			isa = PBXGroup;
			children = (
				24597F6215D0D7B7000E9847 /* btn-add-student-active.png */,
				24597F6315D0D7B7000E9847 /* btn-add-student-active@2x.png */,
				24597F6415D0D7B7000E9847 /* btn-add-student-inactive.png */,
				24597F6515D0D7B7000E9847 /* btn-add-student-inactive@2x.png */,
				246D04D815C0C4210056D3F9 /* btn-buy-more-coins.png */,
				246D04D915C0C4220056D3F9 /* btn-buy-more-coins@2x.png */,
				246D045C15C099960056D3F9 /* btn-camera-icon-active.png */,
				246D045D15C099960056D3F9 /* btn-camera-icon-active@2x.png */,
				246D045E15C099960056D3F9 /* btn-camera-icon-inactive.png */,
				24F2B1B515DDB89E00553637 /* btn-camera-icon-inactive@2x.png */,
				246D04DA15C0C4230056D3F9 /* btn-edit-profile.png */,
				246D04DB15C0C4250056D3F9 /* btn-edit-profile@2x.png */,
				246D046015C099960056D3F9 /* btn-fbconnect-active.png */,
				246D046115C099960056D3F9 /* btn-fbconnect-active@2x.png */,
				246D046215C099960056D3F9 /* btn-fbconnect-inactive.png */,
				246D046315C099960056D3F9 /* btn-fbconnect-inactive@2x.png */,
				246D046415C099960056D3F9 /* btn-fbconnect-logout-active@2x.png */,
				246D046515C099960056D3F9 /* btn-fbconnect-logout-inactive@2x.png */,
				246D046615C099960056D3F9 /* fbconnect-dialog.png */,
				246D046715C099960056D3F9 /* fbconnect-dialog@2x.png */,
				246D046815C099960056D3F9 /* form-icon-mask.png */,
				246D046915C099960056D3F9 /* form-icon-mask@2x.png */,
				2478B84D15CFFFB00007F08F /* gender-boy-active-segmented.png */,
				2478B84E15CFFFB00007F08F /* gender-boy-active-segmented@2x.png */,
				246D046A15C099960056D3F9 /* gender-boy-active.png */,
				246D046B15C099960056D3F9 /* gender-boy-active@2x.png */,
				246D046C15C099960056D3F9 /* gender-boy-inactive.png */,
				246D046D15C099960056D3F9 /* gender-boy-inactive@2x.png */,
				2478B84F15CFFFB00007F08F /* gender-girl-active-segmented.png */,
				2478B85015CFFFB00007F08F /* gender-girl-active-segmented@2x.png */,
				246D046E15C099960056D3F9 /* gender-girl-active.png */,
				246D046F15C099960056D3F9 /* gender-girl-active@2x.png */,
				246D047015C099960056D3F9 /* gender-girl-inactive.png */,
				246D047115C099960056D3F9 /* gender-girl-inactive@2x.png */,
				2478B85115CFFFB00007F08F /* gender-inactive-segmented.png */,
				2478B85215CFFFB00007F08F /* gender-inactive-segmented@2x.png */,
				2482D96115D5C83700216249 /* icon-add-student-form-mask.png */,
				2482D96215D5C83700216249 /* icon-add-student-form-mask@2x.png */,
				248CF54615C34CDB00028B2B /* icon-child-unselected-mask.png */,
				248CF54715C34CDB00028B2B /* icon-child-unselected-mask@2x.png */,
				248CF54815C34CDB00028B2B /* icon-parent-unselected-mask.png */,
				248CF54915C34CDB00028B2B /* icon-parent-unselected-mask@2x.png */,
				246D047215C099960056D3F9 /* icon-selected-mask.png */,
				246D047315C099960056D3F9 /* icon-selected-mask@2x.png */,
				2482D96315D5C83700216249 /* icon-student-sign-up-placeholder.png */,
				2482D96415D5C83800216249 /* icon-student-sign-up-placeholder@2x.png */,
				246D047415C099960056D3F9 /* lessonsandactivity.png */,
				246D047515C099960056D3F9 /* lessonsandactivity@2x.png */,
				246D047615C099960056D3F9 /* light-box-black.png */,
				246D047715C099960056D3F9 /* light-box-black@2x.png */,
				24F4F22615C72B8300E93A08 /* log-in-bg-with-mask.png */,
				24F4F22715C72B8400E93A08 /* log-in-bg-with-mask@2x.png */,
				246D047815C099960056D3F9 /* log-in-bg.png */,
				246D047915C099960056D3F9 /* log-in-bg@2x.png */,
				246D047A15C099960056D3F9 /* parent-icon-mask.png */,
				246D047B15C099960056D3F9 /* parent-icon-mask@2x.png */,
				246D047C15C099960056D3F9 /* piitri-logo-lg.png */,
				246D047D15C099960056D3F9 /* piitri-logo-lg@2x.png */,
				246D047E15C099960056D3F9 /* side-menuline.png */,
				246D047F15C099960056D3F9 /* side-menuline@2x.png */,
				246D048015C099960056D3F9 /* sidemenu.png */,
				246D048115C099960056D3F9 /* sidemenu@2x.png */,
				246D048215C099960056D3F9 /* social-facebookconnect-active.png */,
				246D048315C099960056D3F9 /* social-facebookconnect-active@2x.png */,
				246D048415C099960056D3F9 /* social-facebookconnect-inactive.png */,
				246D048515C099960056D3F9 /* social-facebookconnect-inactive@2x.png */,
				246D048615C099960056D3F9 /* social-googleconnect-active.png */,
				246D048715C099960056D3F9 /* social-googleconnect-active@2x.png */,
				246D048815C099960056D3F9 /* social-googleconnect-inactive.png */,
				246D048915C099960056D3F9 /* social-googleconnect-inactive@2x.png */,
				246D048A15C099960056D3F9 /* social-twitterconnect-active.png */,
				246D048B15C099960056D3F9 /* social-twitterconnect-active@2x.png */,
				246D048C15C099960056D3F9 /* social-twitterconnect-inactive.png */,
				246D048D15C099960056D3F9 /* social-twitterconnect-inactive@2x.png */,
				246D048E15C099960056D3F9 /* student-form.png */,
				246D048F15C099960056D3F9 /* student-form@2x.png */,
				2478B88915D0B5790007F08F /* tab-hightlight.png */,
				2478B88A15D0B57B0007F08F /* tab-hightlight@2x.png */,
				2478B87D15D0B4930007F08F /* tab-student-unselected.png */,
				2478B87E15D0B4980007F08F /* tab-student-unselected@2x.png */,
				2478B87F15D0B49F0007F08F /* tab-unselected.png */,
				2478B88015D0B4A90007F08F /* tab-unselected@2x.png */,
				246D049515C099960056D3F9 /* top-header-curve.png */,
				246D049715C099960056D3F9 /* top-header-curve@2x.png */,
			);
			name = images;
			path = PiitriSelectionTask/images;
			sourceTree = "<group>";
		};
		248CF55115C34DA000028B2B /* Meta Plus Black */ = {
			isa = PBXGroup;
			children = (
				248CF54F15C34D7500028B2B /* metaplus-black.ttf */,
			);
			name = "Meta Plus Black";
			sourceTree = "<group>";
		};
		24B6C57115B9CB6700022A4F = {
			isa = PBXGroup;
			children = (
				246D045715C099950056D3F9 /* images */,
				246D045215C099680056D3F9 /* Icons */,
				24F8577115BE1EB100DE6714 /* fonts */,
				24B6C58615B9CB6700022A4F /* PiitriSelectionTask */,
				24B6C57F15B9CB6700022A4F /* Frameworks */,
				24B6C57D15B9CB6700022A4F /* Products */,
			);
			sourceTree = "<group>";
		};
		24B6C57D15B9CB6700022A4F /* Products */ = {
			isa = PBXGroup;
			children = (
				24B6C57C15B9CB6700022A4F /* PiitriSelectionTask.app */,
			);
			name = Products;
			sourceTree = "<group>";
		};
		24B6C57F15B9CB6700022A4F /* Frameworks */ = {
			isa = PBXGroup;
			children = (
				24B6C58015B9CB6700022A4F /* UIKit.framework */,
				24B6C58215B9CB6700022A4F /* Foundation.framework */,
				24B6C58415B9CB6700022A4F /* CoreGraphics.framework */,
			);
			name = Frameworks;
			sourceTree = "<group>";
		};
		24B6C58615B9CB6700022A4F /* PiitriSelectionTask */ = {
			isa = PBXGroup;
			children = (
				24014C0A15D78AED00778B51 /* AddStudentCell.h */,
				24014C0B15D78AED00778B51 /* AddStudentCell.m */,
				24F0DC6415D1E83200CE4A88 /* Cell.h */,
				24F0DC6515D1E83200CE4A88 /* Cell.m */,
				24B6C5C415B9F71200022A4F /* Facebook+Singleton.h */,
				24B6C5C515B9F71200022A4F /* Facebook+Singleton.m */,
				24B6C58F15B9CB6700022A4F /* AppDelegate.h */,
				24B6C59015B9CB6700022A4F /* AppDelegate.m */,
				24014C0615D75D4500778B51 /* MainSideMenuItemCell.h */,
				24014C0715D75D4500778B51 /* MainSideMenuItemCell.m */,
				24B6C5E615BA126D00022A4F /* ParentPortalViewController.h */,
				24B6C5E715BA126D00022A4F /* ParentPortalViewController.m */,
				24B6C59215B9CB6700022A4F /* MainStoryboard.storyboard */,
				24EBB51C15D896AF007CB745 /* DatePickerViewController.h */,
				24EBB51D15D896AF007CB745 /* DatePickerViewController.m */,
				24B6C59515B9CB6700022A4F /* ViewController.h */,
				24B6C59615B9CB6700022A4F /* ViewController.m */,
				24B6C58715B9CB6700022A4F /* Supporting Files */,
			);
			path = PiitriSelectionTask;
			sourceTree = "<group>";
		};
		24B6C58715B9CB6700022A4F /* Supporting Files */ = {
			isa = PBXGroup;
			children = (
				24B6C5A715B9D9F200022A4F /* facebook-ios-sdk */,
				24B6C58815B9CB6700022A4F /* PiitriSelectionTask-Info.plist */,
				24B6C58915B9CB6700022A4F /* InfoPlist.strings */,
				24B6C58C15B9CB6700022A4F /* main.m */,
				24B6C58E15B9CB6700022A4F /* PiitriSelectionTask-Prefix.pch */,
			);
			name = "Supporting Files";
			sourceTree = "<group>";
		};
		24B6C5A715B9D9F200022A4F /* facebook-ios-sdk */ = {
			isa = PBXGroup;
			children = (
				24B6C5A815B9D9F200022A4F /* Facebook.h */,
				24B6C5A915B9D9F200022A4F /* FBConnect.h */,
				24B6C5AA15B9D9F200022A4F /* FBDialog.bundle */,
				24B6C5AB15B9D9F200022A4F /* FBDialog.h */,
				24B6C5AC15B9D9F200022A4F /* FBFrictionlessRequestSettings.h */,
				24B6C5AD15B9D9F200022A4F /* FBLoginDialog.h */,
				24B6C5AE15B9D9F200022A4F /* FBRequest.h */,
				24B6C5AF15B9D9F200022A4F /* JSON.h */,
				24B6C5B015B9D9F200022A4F /* libfacebook_ios_sdk.a */,
				24B6C5B115B9D9F200022A4F /* NSObject+SBJSON.h */,
				24B6C5B215B9D9F200022A4F /* NSString+SBJSON.h */,
				24B6C5B315B9D9F200022A4F /* SBJSON.h */,
				24B6C5B415B9D9F200022A4F /* SBJsonBase.h */,
				24B6C5B515B9D9F200022A4F /* SBJsonParser.h */,
				24B6C5B615B9D9F200022A4F /* SBJsonWriter.h */,
			);
			path = "facebook-ios-sdk";
			sourceTree = "<group>";
		};
		24F8577115BE1EB100DE6714 /* fonts */ = {
			isa = PBXGroup;
			children = (
				248CF55115C34DA000028B2B /* Meta Plus Black */,
				24F8578F15BE1EB100DE6714 /* Open Sans */,
			);
			name = fonts;
			path = PiitriSelectionTask/fonts;
			sourceTree = "<group>";
		};
		24F8578F15BE1EB100DE6714 /* Open Sans */ = {
			isa = PBXGroup;
			children = (
				24F8579015BE1EB100DE6714 /* LICENSE.txt */,
				24F8579115BE1EB100DE6714 /* OpenSans-Bold.ttf */,
				24F8579215BE1EB100DE6714 /* OpenSans-BoldItalic.ttf */,
				24F8579315BE1EB100DE6714 /* OpenSans-ExtraBold.ttf */,
				24F8579415BE1EB100DE6714 /* OpenSans-ExtraBoldItalic.ttf */,
				24F8579515BE1EB100DE6714 /* OpenSans-Italic.ttf */,
				24F8579615BE1EB100DE6714 /* OpenSans-Light.ttf */,
				24F8579715BE1EB100DE6714 /* OpenSans-LightItalic.ttf */,
				24F8579815BE1EB100DE6714 /* OpenSans-Regular.ttf */,
				24F8579915BE1EB100DE6714 /* OpenSans-Semibold.ttf */,
				24F8579A15BE1EB100DE6714 /* OpenSans-SemiboldItalic.ttf */,
			);
			path = "Open Sans";
			sourceTree = "<group>";
		};
/* End PBXGroup section */

/* Begin PBXNativeTarget section */
		24B6C57B15B9CB6700022A4F /* PiitriSelectionTask */ = {
			isa = PBXNativeTarget;
			buildConfigurationList = 24B6C59A15B9CB6700022A4F /* Build configuration list for PBXNativeTarget "PiitriSelectionTask" */;
			buildPhases = (
				24B6C57815B9CB6700022A4F /* Sources */,
				24B6C57915B9CB6700022A4F /* Frameworks */,
				24B6C57A15B9CB6700022A4F /* Resources */,
			);
			buildRules = (
			);
			dependencies = (
			);
			name = PiitriSelectionTask;
			productName = PiitriSelectionTask;
			productReference = 24B6C57C15B9CB6700022A4F /* PiitriSelectionTask.app */;
			productType = "com.apple.product-type.application";
		};
/* End PBXNativeTarget section */

/* Begin PBXProject section */
		24B6C57315B9CB6700022A4F /* Project object */ = {
			isa = PBXProject;
			attributes = {
				LastUpgradeCheck = 0430;
				ORGANIZATIONNAME = Piitri;
			};
			buildConfigurationList = 24B6C57615B9CB6700022A4F /* Build configuration list for PBXProject "PiitriSelectionTask" */;
			compatibilityVersion = "Xcode 3.2";
			developmentRegion = English;
			hasScannedForEncodings = 0;
			knownRegions = (
				en,
			);
			mainGroup = 24B6C57115B9CB6700022A4F;
			productRefGroup = 24B6C57D15B9CB6700022A4F /* Products */;
			projectDirPath = "";
			projectRoot = "";
			targets = (
				24B6C57B15B9CB6700022A4F /* PiitriSelectionTask */,
			);
		};
/* End PBXProject section */

/* Begin PBXResourcesBuildPhase section */
		24B6C57A15B9CB6700022A4F /* Resources */ = {
			isa = PBXResourcesBuildPhase;
			buildActionMask = 2147483647;
			files = (
				24B6C58B15B9CB6700022A4F /* InfoPlist.strings in Resources */,
				24B6C59415B9CB6700022A4F /* MainStoryboard.storyboard in Resources */,
				24B6C5B715B9D9F200022A4F /* FBDialog.bundle in Resources */,
				24F857B215BE1EB100DE6714 /* LICENSE.txt in Resources */,
				24F857B315BE1EB100DE6714 /* OpenSans-Bold.ttf in Resources */,
				24F857B415BE1EB100DE6714 /* OpenSans-BoldItalic.ttf in Resources */,
				24F857B515BE1EB100DE6714 /* OpenSans-ExtraBold.ttf in Resources */,
				24F857B615BE1EB100DE6714 /* OpenSans-ExtraBoldItalic.ttf in Resources */,
				24F857B715BE1EB100DE6714 /* OpenSans-Italic.ttf in Resources */,
				24F857B815BE1EB100DE6714 /* OpenSans-Light.ttf in Resources */,
				24F857B915BE1EB100DE6714 /* OpenSans-LightItalic.ttf in Resources */,
				24F857BA15BE1EB100DE6714 /* OpenSans-Regular.ttf in Resources */,
				24F857BB15BE1EB100DE6714 /* OpenSans-Semibold.ttf in Resources */,
				24F857BC15BE1EB100DE6714 /* OpenSans-SemiboldItalic.ttf in Resources */,
				246D045515C099680056D3F9 /* piitri-logo-iPad.png in Resources */,
				246D045615C099680056D3F9 /* piitri-logo-iPad@2x.png in Resources */,
				246D049C15C099960056D3F9 /* btn-camera-icon-active.png in Resources */,
				246D049D15C099960056D3F9 /* btn-camera-icon-active@2x.png in Resources */,
				246D049E15C099960056D3F9 /* btn-camera-icon-inactive.png in Resources */,
				246D04A015C099960056D3F9 /* btn-fbconnect-active.png in Resources */,
				246D04A115C099960056D3F9 /* btn-fbconnect-active@2x.png in Resources */,
				246D04A215C099960056D3F9 /* btn-fbconnect-inactive.png in Resources */,
				246D04A315C099960056D3F9 /* btn-fbconnect-inactive@2x.png in Resources */,
				246D04A415C099960056D3F9 /* btn-fbconnect-logout-active@2x.png in Resources */,
				246D04A515C099960056D3F9 /* btn-fbconnect-logout-inactive@2x.png in Resources */,
				246D04A615C099960056D3F9 /* fbconnect-dialog.png in Resources */,
				246D04A715C099960056D3F9 /* fbconnect-dialog@2x.png in Resources */,
				246D04A815C099960056D3F9 /* form-icon-mask.png in Resources */,
				246D04A915C099960056D3F9 /* form-icon-mask@2x.png in Resources */,
				246D04AA15C099960056D3F9 /* gender-boy-active.png in Resources */,
				246D04AB15C099960056D3F9 /* gender-boy-active@2x.png in Resources */,
				246D04AC15C099960056D3F9 /* gender-boy-inactive.png in Resources */,
				246D04AD15C099960056D3F9 /* gender-boy-inactive@2x.png in Resources */,
				246D04AE15C099960056D3F9 /* gender-girl-active.png in Resources */,
				246D04AF15C099960056D3F9 /* gender-girl-active@2x.png in Resources */,
				246D04B015C099960056D3F9 /* gender-girl-inactive.png in Resources */,
				246D04B115C099960056D3F9 /* gender-girl-inactive@2x.png in Resources */,
				246D04B215C099960056D3F9 /* icon-selected-mask.png in Resources */,
				246D04B315C099960056D3F9 /* icon-selected-mask@2x.png in Resources */,
				246D04B415C099960056D3F9 /* lessonsandactivity.png in Resources */,
				246D04B515C099960056D3F9 /* lessonsandactivity@2x.png in Resources */,
				246D04B615C099960056D3F9 /* light-box-black.png in Resources */,
				246D04B715C099960056D3F9 /* light-box-black@2x.png in Resources */,
				246D04B815C099960056D3F9 /* log-in-bg.png in Resources */,
				246D04B915C099960056D3F9 /* log-in-bg@2x.png in Resources */,
				246D04BA15C099960056D3F9 /* parent-icon-mask.png in Resources */,
				246D04BB15C099960056D3F9 /* parent-icon-mask@2x.png in Resources */,
				246D04BC15C099960056D3F9 /* piitri-logo-lg.png in Resources */,
				246D04BD15C099960056D3F9 /* piitri-logo-lg@2x.png in Resources */,
				246D04BE15C099960056D3F9 /* side-menuline.png in Resources */,
				246D04BF15C099960056D3F9 /* side-menuline@2x.png in Resources */,
				246D04C015C099960056D3F9 /* sidemenu.png in Resources */,
				246D04C115C099960056D3F9 /* sidemenu@2x.png in Resources */,
				246D04C215C099960056D3F9 /* social-facebookconnect-active.png in Resources */,
				246D04C315C099960056D3F9 /* social-facebookconnect-active@2x.png in Resources */,
				246D04C415C099960056D3F9 /* social-facebookconnect-inactive.png in Resources */,
				246D04C515C099960056D3F9 /* social-facebookconnect-inactive@2x.png in Resources */,
				246D04C615C099960056D3F9 /* social-googleconnect-active.png in Resources */,
				246D04C715C099960056D3F9 /* social-googleconnect-active@2x.png in Resources */,
				246D04C815C099960056D3F9 /* social-googleconnect-inactive.png in Resources */,
				246D04C915C099960056D3F9 /* social-googleconnect-inactive@2x.png in Resources */,
				246D04CA15C099960056D3F9 /* social-twitterconnect-active.png in Resources */,
				246D04CB15C099960056D3F9 /* social-twitterconnect-active@2x.png in Resources */,
				246D04CC15C099960056D3F9 /* social-twitterconnect-inactive.png in Resources */,
				246D04CD15C099960056D3F9 /* social-twitterconnect-inactive@2x.png in Resources */,
				246D04CE15C099960056D3F9 /* student-form.png in Resources */,
				246D04CF15C099960056D3F9 /* student-form@2x.png in Resources */,
				246D04D515C099960056D3F9 /* top-header-curve.png in Resources */,
				246D04D715C099960056D3F9 /* top-header-curve@2x.png in Resources */,
				246D04DC15C0C4260056D3F9 /* btn-buy-more-coins.png in Resources */,
				246D04DD15C0C4260056D3F9 /* btn-buy-more-coins@2x.png in Resources */,
				246D04DE15C0C4260056D3F9 /* btn-edit-profile.png in Resources */,
				246D04DF15C0C4260056D3F9 /* btn-edit-profile@2x.png in Resources */,
				248CF54A15C34CDB00028B2B /* icon-child-unselected-mask.png in Resources */,
				248CF54B15C34CDB00028B2B /* icon-child-unselected-mask@2x.png in Resources */,
				248CF54C15C34CDB00028B2B /* icon-parent-unselected-mask.png in Resources */,
				248CF54D15C34CDB00028B2B /* icon-parent-unselected-mask@2x.png in Resources */,
				248CF55015C34D7500028B2B /* metaplus-black.ttf in Resources */,
				24F4F22815C72B8500E93A08 /* log-in-bg-with-mask.png in Resources */,
				24F4F22915C72B8500E93A08 /* log-in-bg-with-mask@2x.png in Resources */,
				2478B85315CFFFB10007F08F /* gender-boy-active-segmented.png in Resources */,
				2478B85415CFFFB10007F08F /* gender-boy-active-segmented@2x.png in Resources */,
				2478B85515CFFFB10007F08F /* gender-girl-active-segmented.png in Resources */,
				2478B85615CFFFB10007F08F /* gender-girl-active-segmented@2x.png in Resources */,
				2478B85715CFFFB10007F08F /* gender-inactive-segmented.png in Resources */,
				2478B85815CFFFB10007F08F /* gender-inactive-segmented@2x.png in Resources */,
				2478B88515D0B4CC0007F08F /* tab-student-unselected.png in Resources */,
				2478B88615D0B4CC0007F08F /* tab-student-unselected@2x.png in Resources */,
				2478B88715D0B4CC0007F08F /* tab-unselected.png in Resources */,
				2478B88815D0B4CC0007F08F /* tab-unselected@2x.png in Resources */,
				2478B88B15D0B57C0007F08F /* tab-hightlight.png in Resources */,
				2478B88C15D0B57C0007F08F /* tab-hightlight@2x.png in Resources */,
				24597F6615D0D7B7000E9847 /* btn-add-student-active.png in Resources */,
				24597F6715D0D7B7000E9847 /* btn-add-student-active@2x.png in Resources */,
				24597F6815D0D7B7000E9847 /* btn-add-student-inactive.png in Resources */,
				24597F6915D0D7B7000E9847 /* btn-add-student-inactive@2x.png in Resources */,
				2482D96515D5C83800216249 /* icon-add-student-form-mask.png in Resources */,
				2482D96615D5C83800216249 /* icon-add-student-form-mask@2x.png in Resources */,
				2482D96715D5C83800216249 /* icon-student-sign-up-placeholder.png in Resources */,
				2482D96815D5C83800216249 /* icon-student-sign-up-placeholder@2x.png in Resources */,
				24F2B1B615DDB89E00553637 /* btn-camera-icon-inactive@2x.png in Resources */,
			);
			runOnlyForDeploymentPostprocessing = 0;
		};
/* End PBXResourcesBuildPhase section */

/* Begin PBXSourcesBuildPhase section */
		24B6C57815B9CB6700022A4F /* Sources */ = {
			isa = PBXSourcesBuildPhase;
			buildActionMask = 2147483647;
			files = (
				24B6C58D15B9CB6700022A4F /* main.m in Sources */,
				24B6C59115B9CB6700022A4F /* AppDelegate.m in Sources */,
				24B6C59715B9CB6700022A4F /* ViewController.m in Sources */,
				24B6C5C615B9F71200022A4F /* Facebook+Singleton.m in Sources */,
				24B6C5E815BA126D00022A4F /* ParentPortalViewController.m in Sources */,
				24F0DC6615D1E83200CE4A88 /* Cell.m in Sources */,
				24014C0815D75D4500778B51 /* MainSideMenuItemCell.m in Sources */,
				24014C0C15D78AED00778B51 /* AddStudentCell.m in Sources */,
				24EBB51E15D896AF007CB745 /* DatePickerViewController.m in Sources */,
			);
			runOnlyForDeploymentPostprocessing = 0;
		};
/* End PBXSourcesBuildPhase section */

/* Begin PBXVariantGroup section */
		24B6C58915B9CB6700022A4F /* InfoPlist.strings */ = {
			isa = PBXVariantGroup;
			children = (
				24B6C58A15B9CB6700022A4F /* en */,
			);
			name = InfoPlist.strings;
			sourceTree = "<group>";
		};
		24B6C59215B9CB6700022A4F /* MainStoryboard.storyboard */ = {
			isa = PBXVariantGroup;
			children = (
				24B6C59315B9CB6700022A4F /* en */,
			);
			name = MainStoryboard.storyboard;
			sourceTree = "<group>";
		};
/* End PBXVariantGroup section */

/* Begin XCBuildConfiguration section */
		24B6C59815B9CB6700022A4F /* Debug */ = {
			isa = XCBuildConfiguration;
			buildSettings = {
				ALWAYS_SEARCH_USER_PATHS = NO;
				ARCHS = "$(ARCHS_STANDARD_32_BIT)";
				CLANG_ENABLE_OBJC_ARC = YES;
				"CODE_SIGN_IDENTITY[sdk=iphoneos*]" = "iPhone Developer";
				COPY_PHASE_STRIP = NO;
				GCC_C_LANGUAGE_STANDARD = gnu99;
				GCC_DYNAMIC_NO_PIC = NO;
				GCC_OPTIMIZATION_LEVEL = 0;
				GCC_PREPROCESSOR_DEFINITIONS = (
					"DEBUG=1",
					"$(inherited)",
				);
				GCC_SYMBOLS_PRIVATE_EXTERN = NO;
				GCC_VERSION = com.apple.compilers.llvm.clang.1_0;
				GCC_WARN_ABOUT_RETURN_TYPE = YES;
				GCC_WARN_UNINITIALIZED_AUTOS = YES;
				GCC_WARN_UNUSED_VARIABLE = YES;
				IPHONEOS_DEPLOYMENT_TARGET = 5.1;
				SDKROOT = iphoneos;
				TARGETED_DEVICE_FAMILY = 2;
			};
			name = Debug;
		};
		24B6C59915B9CB6700022A4F /* Release */ = {
			isa = XCBuildConfiguration;
			buildSettings = {
				ALWAYS_SEARCH_USER_PATHS = NO;
				ARCHS = "$(ARCHS_STANDARD_32_BIT)";
				CLANG_ENABLE_OBJC_ARC = YES;
				"CODE_SIGN_IDENTITY[sdk=iphoneos*]" = "iPhone Developer";
				COPY_PHASE_STRIP = YES;
				GCC_C_LANGUAGE_STANDARD = gnu99;
				GCC_VERSION = com.apple.compilers.llvm.clang.1_0;
				GCC_WARN_ABOUT_RETURN_TYPE = YES;
				GCC_WARN_UNINITIALIZED_AUTOS = YES;
				GCC_WARN_UNUSED_VARIABLE = YES;
				IPHONEOS_DEPLOYMENT_TARGET = 5.1;
				OTHER_CFLAGS = "-DNS_BLOCK_ASSERTIONS=1";
				SDKROOT = iphoneos;
				TARGETED_DEVICE_FAMILY = 2;
				VALIDATE_PRODUCT = YES;
			};
			name = Release;
		};
		24B6C59B15B9CB6700022A4F /* Debug */ = {
			isa = XCBuildConfiguration;
			buildSettings = {
				"CODE_SIGN_IDENTITY[sdk=iphoneos*]" = "iPhone Developer: Luz Ribero (UZQVT4AP67)";
				GCC_PRECOMPILE_PREFIX_HEADER = YES;
				GCC_PREFIX_HEADER = "PiitriSelectionTask/PiitriSelectionTask-Prefix.pch";
				INFOPLIST_FILE = "PiitriSelectionTask/PiitriSelectionTask-Info.plist";
				LIBRARY_SEARCH_PATHS = (
					"$(inherited)",
					"\"$(SRCROOT)/PiitriSelectionTask/facebook-ios-sdk\"",
				);
				PRODUCT_NAME = "$(TARGET_NAME)";
				"PROVISIONING_PROFILE[sdk=iphoneos*]" = "8509D64D-617A-4384-9E93-A46A676143A2";
				WRAPPER_EXTENSION = app;
			};
			name = Debug;
		};
		24B6C59C15B9CB6700022A4F /* Release */ = {
			isa = XCBuildConfiguration;
			buildSettings = {
				"CODE_SIGN_IDENTITY[sdk=iphoneos*]" = "iPhone Distribution: L.S.R. Marketing Service";
				GCC_PRECOMPILE_PREFIX_HEADER = YES;
				GCC_PREFIX_HEADER = "PiitriSelectionTask/PiitriSelectionTask-Prefix.pch";
				INFOPLIST_FILE = "PiitriSelectionTask/PiitriSelectionTask-Info.plist";
				LIBRARY_SEARCH_PATHS = (
					"$(inherited)",
					"\"$(SRCROOT)/PiitriSelectionTask/facebook-ios-sdk\"",
				);
				PRODUCT_NAME = "$(TARGET_NAME)";
				"PROVISIONING_PROFILE[sdk=iphoneos*]" = "EC9A54AF-0510-48A8-97EF-C050FDBA01FB";
				WRAPPER_EXTENSION = app;
			};
			name = Release;
		};
/* End XCBuildConfiguration section */

/* Begin XCConfigurationList section */
		24B6C57615B9CB6700022A4F /* Build configuration list for PBXProject "PiitriSelectionTask" */ = {
			isa = XCConfigurationList;
			buildConfigurations = (
				24B6C59815B9CB6700022A4F /* Debug */,
				24B6C59915B9CB6700022A4F /* Release */,
			);
			defaultConfigurationIsVisible = 0;
			defaultConfigurationName = Release;
		};
		24B6C59A15B9CB6700022A4F /* Build configuration list for PBXNativeTarget "PiitriSelectionTask" */ = {
			isa = XCConfigurationList;
			buildConfigurations = (
				24B6C59B15B9CB6700022A4F /* Debug */,
				24B6C59C15B9CB6700022A4F /* Release */,
			);
			defaultConfigurationIsVisible = 0;
			defaultConfigurationName = Release;
		};
/* End XCConfigurationList section */
	};
	rootObject = 24B6C57315B9CB6700022A4F /* Project object */;
}
